
Microsoft Visual Studio Solution File, Format Version 12.00
# Visual Studio Version 17
VisualStudioVersion = 17.7.34031.279
MinimumVisualStudioVersion = 10.0.40219.1
Project("{FAE04EC0-301F-11D3-BF4B-00C04F79EFBC}") = "GeneralValidation", "GeneralValidation.csproj", "{40E78ACB-7ABD-4073-A944-29F5457498FA}"
EndProject
Global
	GlobalSection(SolutionConfigurationPlatforms) = preSolution
		Debug|Any CPU = Debug|Any CPU
		Release|Any CPU = Release|Any CPU
	EndGlobalSection
	GlobalSection(ProjectConfigurationPlatforms) = postSolution
		{40E78ACB-7ABD-4073-A944-29F5457498FA}.Debug|Any CPU.ActiveCfg = Debug|Any CPU
		{40E78ACB-7ABD-4073-A944-29F5457498FA}.Debug|Any CPU.Build.0 = Debug|Any CPU
		{40E78ACB-7ABD-4073-A944-29F5457498FA}.Release|Any CPU.ActiveCfg = Release|Any CPU
		{40E78ACB-7ABD-4073-A944-29F5457498FA}.Release|Any CPU.Build.0 = Release|Any CPU
	EndGlobalSection
	GlobalSection(SolutionProperties) = preSolution
		HideSolutionNode = FALSE
	EndGlobalSection
	GlobalSection(ExtensibilityGlobals) = postSolution
		SolutionGuid = {4272FA14-8126-4C5C-9C83-CB11398DEE1D}
	EndGlobalSection
EndGlobal
